github.com/KaTeX/KaTeX v0.16.38 h1:O9oP/QpS56TfsFoUht6l7FMxQRNB+AZDbS+PgOPoxf4=
github.com/KaTeX/KaTeX v0.16.38/go.mod h1:VI+aE+CVs/VqtbHnuhstfQST46GmrwpXH7LQAzYIouw=
github.com/adityatelange/hugo-PaperMod v0.0.0-20260308172054-10d3dcc0e05c h1:UYJTl/vtAFc1fMjhLNzhr9niW8TexCTkh0eAlAJdSRg=
github.com/adityatelange/hugo-PaperMod v0.0.0-20260308172054-10d3dcc0e05c/go.mod h1:HCHxNMKYdGafUYjVV3ICiAqznZK2yH0iI53jqcDFDdQ=
github.com/hugomods/base v0.7.3 h1:HQ/eRGprVO6CyeHrMEFBEdl+zkpO4dYcIizgbhKwaVg=
github.com/hugomods/base v0.7.3/go.mod h1:hnWCPbVxuhXBwdFax3mmbMlWKmIo/7OP36MCLOyHtT4=
github.com/hugomods/bootstrap v0.24.2 h1:OGJmqzQMlEstObnaKIpvwh4l4F2Ot7UdxTNyxTO9jiE=
github.com/hugomods/bootstrap v0.24.2/go.mod h1:GKP0KV5Yc0d1JmdKjKHL6SpvWml/hk3Pxnq6Trh1JYQ=
github.com/hugomods/hugopress v0.5.2 h1:wnqeqaJ38CAZx9/yuvUZqrgclsnMA+dTqihbP28vzeU=
github.com/hugomods/hugopress v0.5.2/go.mod h1:CRYvr60xOkZOf4Atkuj+uEj2EH5pjJ39Ws3aJAkoMkA=
github.com/hugomods/icons v0.6.6 h1:gGlafcBDRP7sSID+tgLcWdog+s/QBj8DIfU+h9tZj1U=
github.com/hugomods/icons v0.6.6/go.mod h1:cIkSvK6W0q6N4U6n9KGz+QfRWQXAW0INd+1P31gPNGg=
github.com/hugomods/icons/vendors/bootstrap v0.5.11 h1:8gZnk0wR1JSC+07L7T1okJiGAva7V1rGnOIQYSsr4/8=
github.com/hugomods/icons/vendors/bootstrap v0.5.11/go.mod h1:PAN+bzB4MW4dkA2gZbmKRJQ6lskHzoosqZzlCTgPv0k=
github.com/hugomods/images v0.12.3 h1:FiHZnFgbxn4SpxdY8harOxhYKA8WhAgibJoHhIe9sdU=
github.com/hugomods/images v0.12.3/go.mod h1:U6Gwj16LKvk66rOMyGFrnF6f0aV8lT89lqOsckOAjYY=
github.com/hugomods/katex v0.3.6 h1:Xl7ruiXuwvEGlz3H02w24B0zRGtHcL4sMc11Ke/aMFE=
github.com/hugomods/katex v0.3.6/go.mod h1:6ACkMfCEOjLIRwcbS33Yji29C113+zGdBF/5oMfWfZI=
github.com/hugomods/shortcodes v0.25.1 h1:JQZ/Kw9aOlFVnDiDgXsSqiu8gLFXAM7tQn+TYr8q2bc=
github.com/hugomods/shortcodes v0.25.1/go.mod h1:EnVopbZMNI/HeteM3Lp3phBTCRLvPSe7l142qhRFFPY=
github.com/twbs/icons v1.13.1 h1:6bmNXvoeIbvjFWjfbjXg5JGbelLD1haIsMaEIzE9UZI=
github.com/twbs/icons v1.13.1/go.mod h1:GnRlymgVWp5iVJCMa0Me5b6tFyGpVc2bSxPMRGIJmyA=
