github.com/adityatelange/hugo-PaperMod v0.0.0-20250105143455-9f1f414be805 h1:gi6q4K4XngQJj1oCHJvIT9huDaW1PDcSvVR8/amBxLE=
github.com/adityatelange/hugo-PaperMod v0.0.0-20250105143455-9f1f414be805/go.mod h1:HCHxNMKYdGafUYjVV3ICiAqznZK2yH0iI53jqcDFDdQ=
github.com/hugomods/bootstrap v0.23.0 h1:/Mj6VCk+xUNan72m4ulupu+oRug7IuvpBO1jp+MhhFw=
github.com/hugomods/bootstrap v0.23.0/go.mod h1:eL5Y6abDndTt/LZu1VtgprvkdZgsV7/d3jpSoCcDkKQ=
github.com/hugomods/icons v0.6.6 h1:gGlafcBDRP7sSID+tgLcWdog+s/QBj8DIfU+h9tZj1U=
github.com/hugomods/icons v0.6.6/go.mod h1:cIkSvK6W0q6N4U6n9KGz+QfRWQXAW0INd+1P31gPNGg=
github.com/hugomods/icons/vendors/bootstrap v0.5.9 h1:IlKsW1iybTNZLYnMipyc2d9w51rUtu89lPMkocGaP6c=
github.com/hugomods/icons/vendors/bootstrap v0.5.9/go.mod h1:DuB5N1o3GCUyvYFnEeBvJRBrCHqbMWEbjoEWVLULggw=
github.com/hugomods/images v0.11.2 h1:d7u3c/ePboeOGx8OI5eUnilpA79YvD7KJjUgqVMR83Y=
github.com/hugomods/images v0.11.2/go.mod h1:U6Gwj16LKvk66rOMyGFrnF6f0aV8lT89lqOsckOAjYY=
github.com/hugomods/katex v0.3.6 h1:Xl7ruiXuwvEGlz3H02w24B0zRGtHcL4sMc11Ke/aMFE=
github.com/hugomods/katex v0.3.6/go.mod h1:6ACkMfCEOjLIRwcbS33Yji29C113+zGdBF/5oMfWfZI=
github.com/hugomods/shortcodes v0.24.0 h1:+on4M5WuqmczQ0mXA0Ec4PZApV0UbH+YHaLC5MVobyo=
github.com/hugomods/shortcodes v0.24.0/go.mod h1:EnVopbZMNI/HeteM3Lp3phBTCRLvPSe7l142qhRFFPY=
